
Microsoft Visual Studio Solution File, Format Version 12.00
# Visual Studio 2012
Project("{FAE04EC0-301F-11D3-BF4B-00C04F79EFBC}") = "BindingTest", "BindingTest\BindingTest.csproj", "{8A936A51-094B-42C9-AA2F-9D8A0EFC6D2F}"
EndProject
Global
	GlobalSection(SolutionConfigurationPlatforms) = preSolution
		Debug|iPhoneSimulator = Debug|iPhoneSimulator
		Release|iPhone = Release|iPhone
		Release|iPhoneSimulator = Release|iPhoneSimulator
		Debug|iPhone = Debug|iPhone
	EndGlobalSection
	GlobalSection(ProjectConfigurationPlatforms) = postSolution
		{8A936A51-094B-42C9-AA2F-9D8A0EFC6D2F}.Debug|iPhoneSimulator.ActiveCfg = Debug|iPhoneSimulator
		{8A936A51-094B-42C9-AA2F-9D8A0EFC6D2F}.Debug|iPhoneSimulator.Build.0 = Debug|iPhoneSimulator
		{8A936A51-094B-42C9-AA2F-9D8A0EFC6D2F}.Release|iPhone.ActiveCfg = Release|iPhone
		{8A936A51-094B-42C9-AA2F-9D8A0EFC6D2F}.Release|iPhone.Build.0 = Release|iPhone
		{8A936A51-094B-42C9-AA2F-9D8A0EFC6D2F}.Release|iPhoneSimulator.ActiveCfg = Release|iPhoneSimulator
		{8A936A51-094B-42C9-AA2F-9D8A0EFC6D2F}.Release|iPhoneSimulator.Build.0 = Release|iPhoneSimulator
		{8A936A51-094B-42C9-AA2F-9D8A0EFC6D2F}.Debug|iPhone.ActiveCfg = Debug|iPhone
		{8A936A51-094B-42C9-AA2F-9D8A0EFC6D2F}.Debug|iPhone.Build.0 = Debug|iPhone
	EndGlobalSection
EndGlobal
